
Microsoft Visual Studio Solution File, Format Version 12.00
# Visual Studio Version 16
VisualStudioVersion = 16.0.31515.178
MinimumVisualStudioVersion = 10.0.40219.1
Project("{FAE04EC0-301F-11D3-BF4B-00C04F79EFBC}") = "LineComparisonProblem", "LineComparisonProblem\LineComparisonProblem.csproj", "{130CB88B-8966-43A4-B996-9C013562BB75}"
EndProject
Global
	GlobalSection(SolutionConfigurationPlatforms) = preSolution
		Debug|Any CPU = Debug|Any CPU
		Release|Any CPU = Release|Any CPU
	EndGlobalSection
	GlobalSection(ProjectConfigurationPlatforms) = postSolution
		{130CB88B-8966-43A4-B996-9C013562BB75}.Debug|Any CPU.ActiveCfg = Debug|Any CPU
		{130CB88B-8966-43A4-B996-9C013562BB75}.Debug|Any CPU.Build.0 = Debug|Any CPU
		{130CB88B-8966-43A4-B996-9C013562BB75}.Release|Any CPU.ActiveCfg = Release|Any CPU
		{130CB88B-8966-43A4-B996-9C013562BB75}.Release|Any CPU.Build.0 = Release|Any CPU
	EndGlobalSection
	GlobalSection(SolutionProperties) = preSolution
		HideSolutionNode = FALSE
	EndGlobalSection
	GlobalSection(ExtensibilityGlobals) = postSolution
		SolutionGuid = {9E21E85D-55A1-402D-B88C-2277854DED76}
	EndGlobalSection
EndGlobal
